
Microsoft Visual Studio Solution File, Format Version 12.00
# Visual Studio 15
VisualStudioVersion = 15.0.27703.2026
MinimumVisualStudioVersion = 10.0.40219.1
Project("{FAE04EC0-301F-11D3-BF4B-00C04F79EFBC}") = "Switch", "Switch\Switch.csproj", "{D9E59F33-0404-47C9-873A-5C8BA1C30562}"
EndProject
Global
	GlobalSection(SolutionConfigurationPlatforms) = preSolution
		Debug|Any CPU = Debug|Any CPU
		Release|Any CPU = Release|Any CPU
	EndGlobalSection
	GlobalSection(ProjectConfigurationPlatforms) = postSolution
		{D9E59F33-0404-47C9-873A-5C8BA1C30562}.Debug|Any CPU.ActiveCfg = Debug|Any CPU
		{D9E59F33-0404-47C9-873A-5C8BA1C30562}.Debug|Any CPU.Build.0 = Debug|Any CPU
		{D9E59F33-0404-47C9-873A-5C8BA1C30562}.Release|Any CPU.ActiveCfg = Release|Any CPU
		{D9E59F33-0404-47C9-873A-5C8BA1C30562}.Release|Any CPU.Build.0 = Release|Any CPU
	EndGlobalSection
	GlobalSection(SolutionProperties) = preSolution
		HideSolutionNode = FALSE
	EndGlobalSection
	GlobalSection(ExtensibilityGlobals) = postSolution
		SolutionGuid = {E51E7973-8762-4FDB-91B5-74C951659E85}
	EndGlobalSection
EndGlobal
